
Microsoft Visual Studio Solution File, Format Version 12.00
# Visual Studio 15
VisualStudioVersion = 15.0.28307.779
MinimumVisualStudioVersion = 10.0.40219.1
Project("{FAE04EC0-301F-11D3-BF4B-00C04F79EFBC}") = "MainForm", "MainForm\MainForm.csproj", "{4017B75E-EA9B-41FD-BB8F-EFCF1E636E4D}"
EndProject
Project("{FAE04EC0-301F-11D3-BF4B-00C04F79EFBC}") = "LogSystem", "LogSystem\LogSystem.csproj", "{323C41B9-5C6F-4882-BE15-716F06090767}"
EndProject
Project("{FAE04EC0-301F-11D3-BF4B-00C04F79EFBC}") = "EntityLibrary", "EntityLibrary\EntityLibrary.csproj", "{01EF3EC7-0623-4242-B901-AA9FEF0E40BC}"
EndProject
Project("{FAE04EC0-301F-11D3-BF4B-00C04F79EFBC}") = "GeneralAffairsSystem", "GeneralAffairsSystem\GeneralAffairsSystem.csproj", "{957DCE1A-DC87-4E27-B069-502BAC3FFAC8}"
EndProject
Project("{FAE04EC0-301F-11D3-BF4B-00C04F79EFBC}") = "StaffSystem", "StaffSystem\StaffSystem.csproj", "{93844630-71AC-43B1-B974-4914849CF9FF}"
EndProject
Project("{FAE04EC0-301F-11D3-BF4B-00C04F79EFBC}") = "ParkingManagement", "ParkingManagement\ParkingManagement.csproj", "{4A35D757-D2C6-47CC-A9A2-857E95D2BC75}"
EndProject
Project("{FAE04EC0-301F-11D3-BF4B-00C04F79EFBC}") = "ParkInfo", "ParkInfo\ParkInfo.csproj", "{465C18F3-0E21-446D-B6CC-BFC363088F2C}"
EndProject
Project("{FAE04EC0-301F-11D3-BF4B-00C04F79EFBC}") = "PackageSys", "PackageSys\PackageSys.csproj", "{DC3606A6-F7EB-457A-A72B-20164F5B390F}"
EndProject
Project("{FAE04EC0-301F-11D3-BF4B-00C04F79EFBC}") = "EquipSys", "EquipSys\EquipSys.csproj", "{FF6624D5-C4E5-4124-8ED9-577F1AAAE39C}"
EndProject
Project("{FAE04EC0-301F-11D3-BF4B-00C04F79EFBC}") = "PublicSpaceSys", "PublicSpaceSys\PublicSpaceSys.csproj", "{F8BB52E8-1043-4FAB-A4DD-A7F34D43D330}"
EndProject
Project("{FAE04EC0-301F-11D3-BF4B-00C04F79EFBC}") = "BulletinBoard", "BulletinBoard\BulletinBoard.csproj", "{4AB78D82-4DA9-4D24-901B-E9EEBAFB2DB1}"
EndProject
Project("{FAE04EC0-301F-11D3-BF4B-00C04F79EFBC}") = "DisasterPreventionSys", "DisasterPreventionSys\DisasterPreventionSys.csproj", "{9EEBDCE6-0EF1-4BAC-BB51-DE750B3BD36F}"
EndProject
Project("{FAE04EC0-301F-11D3-BF4B-00C04F79EFBC}") = "TemperatureHumiditySys", "TemperatureHumiditySys\TemperatureHumiditySys.csproj", "{66559426-9770-4661-96E5-A9F0807D8BCD}"
EndProject
Project("{FAE04EC0-301F-11D3-BF4B-00C04F79EFBC}") = "ControlLibrary", "ControlLibrary\ControlLibrary.csproj", "{773DB2E3-E495-41EE-B382-69EECACCB405}"
EndProject
Global
	GlobalSection(SolutionConfigurationPlatforms) = preSolution
		Debug|Any CPU = Debug|Any CPU
		Release|Any CPU = Release|Any CPU
	EndGlobalSection
	GlobalSection(ProjectConfigurationPlatforms) = postSolution
		{4017B75E-EA9B-41FD-BB8F-EFCF1E636E4D}.Debug|Any CPU.ActiveCfg = Debug|Any CPU
		{4017B75E-EA9B-41FD-BB8F-EFCF1E636E4D}.Debug|Any CPU.Build.0 = Debug|Any CPU
		{4017B75E-EA9B-41FD-BB8F-EFCF1E636E4D}.Release|Any CPU.ActiveCfg = Release|Any CPU
		{4017B75E-EA9B-41FD-BB8F-EFCF1E636E4D}.Release|Any CPU.Build.0 = Release|Any CPU
		{323C41B9-5C6F-4882-BE15-716F06090767}.Debug|Any CPU.ActiveCfg = Debug|Any CPU
		{323C41B9-5C6F-4882-BE15-716F06090767}.Debug|Any CPU.Build.0 = Debug|Any CPU
		{323C41B9-5C6F-4882-BE15-716F06090767}.Release|Any CPU.ActiveCfg = Release|Any CPU
		{323C41B9-5C6F-4882-BE15-716F06090767}.Release|Any CPU.Build.0 = Release|Any CPU
		{01EF3EC7-0623-4242-B901-AA9FEF0E40BC}.Debug|Any CPU.ActiveCfg = Debug|Any CPU
		{01EF3EC7-0623-4242-B901-AA9FEF0E40BC}.Debug|Any CPU.Build.0 = Debug|Any CPU
		{01EF3EC7-0623-4242-B901-AA9FEF0E40BC}.Release|Any CPU.ActiveCfg = Release|Any CPU
		{01EF3EC7-0623-4242-B901-AA9FEF0E40BC}.Release|Any CPU.Build.0 = Release|Any CPU
		{957DCE1A-DC87-4E27-B069-502BAC3FFAC8}.Debug|Any CPU.ActiveCfg = Debug|Any CPU
		{957DCE1A-DC87-4E27-B069-502BAC3FFAC8}.Debug|Any CPU.Build.0 = Debug|Any CPU
		{957DCE1A-DC87-4E27-B069-502BAC3FFAC8}.Release|Any CPU.ActiveCfg = Release|Any CPU
		{957DCE1A-DC87-4E27-B069-502BAC3FFAC8}.Release|Any CPU.Build.0 = Release|Any CPU
		{93844630-71AC-43B1-B974-4914849CF9FF}.Debug|Any CPU.ActiveCfg = Debug|Any CPU
		{93844630-71AC-43B1-B974-4914849CF9FF}.Debug|Any CPU.Build.0 = Debug|Any CPU
		{93844630-71AC-43B1-B974-4914849CF9FF}.Release|Any CPU.ActiveCfg = Release|Any CPU
		{93844630-71AC-43B1-B974-4914849CF9FF}.Release|Any CPU.Build.0 = Release|Any CPU
		{4A35D757-D2C6-47CC-A9A2-857E95D2BC75}.Debug|Any CPU.ActiveCfg = Debug|Any CPU
		{4A35D757-D2C6-47CC-A9A2-857E95D2BC75}.Debug|Any CPU.Build.0 = Debug|Any CPU
		{4A35D757-D2C6-47CC-A9A2-857E95D2BC75}.Release|Any CPU.ActiveCfg = Release|Any CPU
		{4A35D757-D2C6-47CC-A9A2-857E95D2BC75}.Release|Any CPU.Build.0 = Release|Any CPU
		{465C18F3-0E21-446D-B6CC-BFC363088F2C}.Debug|Any CPU.ActiveCfg = Debug|Any CPU
		{465C18F3-0E21-446D-B6CC-BFC363088F2C}.Debug|Any CPU.Build.0 = Debug|Any CPU
		{465C18F3-0E21-446D-B6CC-BFC363088F2C}.Release|Any CPU.ActiveCfg = Release|Any CPU
		{465C18F3-0E21-446D-B6CC-BFC363088F2C}.Release|Any CPU.Build.0 = Release|Any CPU
		{DC3606A6-F7EB-457A-A72B-20164F5B390F}.Debug|Any CPU.ActiveCfg = Debug|Any CPU
		{DC3606A6-F7EB-457A-A72B-20164F5B390F}.Debug|Any CPU.Build.0 = Debug|Any CPU
		{DC3606A6-F7EB-457A-A72B-20164F5B390F}.Release|Any CPU.ActiveCfg = Release|Any CPU
		{DC3606A6-F7EB-457A-A72B-20164F5B390F}.Release|Any CPU.Build.0 = Release|Any CPU
		{FF6624D5-C4E5-4124-8ED9-577F1AAAE39C}.Debug|Any CPU.ActiveCfg = Debug|Any CPU
		{FF6624D5-C4E5-4124-8ED9-577F1AAAE39C}.Debug|Any CPU.Build.0 = Debug|Any CPU
		{FF6624D5-C4E5-4124-8ED9-577F1AAAE39C}.Release|Any CPU.ActiveCfg = Release|Any CPU
		{FF6624D5-C4E5-4124-8ED9-577F1AAAE39C}.Release|Any CPU.Build.0 = Release|Any CPU
		{F8BB52E8-1043-4FAB-A4DD-A7F34D43D330}.Debug|Any CPU.ActiveCfg = Debug|Any CPU
		{F8BB52E8-1043-4FAB-A4DD-A7F34D43D330}.Debug|Any CPU.Build.0 = Debug|Any CPU
		{F8BB52E8-1043-4FAB-A4DD-A7F34D43D330}.Release|Any CPU.ActiveCfg = Release|Any CPU
		{F8BB52E8-1043-4FAB-A4DD-A7F34D43D330}.Release|Any CPU.Build.0 = Release|Any CPU
		{4AB78D82-4DA9-4D24-901B-E9EEBAFB2DB1}.Debug|Any CPU.ActiveCfg = Debug|Any CPU
		{4AB78D82-4DA9-4D24-901B-E9EEBAFB2DB1}.Debug|Any CPU.Build.0 = Debug|Any CPU
		{4AB78D82-4DA9-4D24-901B-E9EEBAFB2DB1}.Release|Any CPU.ActiveCfg = Release|Any CPU
		{4AB78D82-4DA9-4D24-901B-E9EEBAFB2DB1}.Release|Any CPU.Build.0 = Release|Any CPU
		{9EEBDCE6-0EF1-4BAC-BB51-DE750B3BD36F}.Debug|Any CPU.ActiveCfg = Debug|Any CPU
		{9EEBDCE6-0EF1-4BAC-BB51-DE750B3BD36F}.Debug|Any CPU.Build.0 = Debug|Any CPU
		{9EEBDCE6-0EF1-4BAC-BB51-DE750B3BD36F}.Release|Any CPU.ActiveCfg = Release|Any CPU
		{9EEBDCE6-0EF1-4BAC-BB51-DE750B3BD36F}.Release|Any CPU.Build.0 = Release|Any CPU
		{66559426-9770-4661-96E5-A9F0807D8BCD}.Debug|Any CPU.ActiveCfg = Debug|Any CPU
		{66559426-9770-4661-96E5-A9F0807D8BCD}.Debug|Any CPU.Build.0 = Debug|Any CPU
		{66559426-9770-4661-96E5-A9F0807D8BCD}.Release|Any CPU.ActiveCfg = Release|Any CPU
		{66559426-9770-4661-96E5-A9F0807D8BCD}.Release|Any CPU.Build.0 = Release|Any CPU
		{773DB2E3-E495-41EE-B382-69EECACCB405}.Debug|Any CPU.ActiveCfg = Debug|Any CPU
		{773DB2E3-E495-41EE-B382-69EECACCB405}.Debug|Any CPU.Build.0 = Debug|Any CPU
		{773DB2E3-E495-41EE-B382-69EECACCB405}.Release|Any CPU.ActiveCfg = Release|Any CPU
		{773DB2E3-E495-41EE-B382-69EECACCB405}.Release|Any CPU.Build.0 = Release|Any CPU
	EndGlobalSection
	GlobalSection(SolutionProperties) = preSolution
		HideSolutionNode = FALSE
	EndGlobalSection
	GlobalSection(ExtensibilityGlobals) = postSolution
		SolutionGuid = {8B40BB90-195E-468A-B21C-CC242A58E1EA}
	EndGlobalSection
EndGlobal
